// !$*UTF8*$!
{
	archiveVersion = 1;
	classes = {
	};
	objectVersion = 50;
	objects = {

/* Begin PBXBuildFile section */
		BFB1724A23DACF1A00CD8D42 /* WEPopoverTableViewController.h in Headers */ = {isa = PBXBuildFile; fileRef = BFB1720D23DACF1900CD8D42 /* WEPopoverTableViewController.h */; settings = {ATTRIBUTES = (Public, ); }; };
		BFB1724B23DACF1A00CD8D42 /* WEColorUtils.h in Headers */ = {isa = PBXBuildFile; fileRef = BFB1720E23DACF1900CD8D42 /* WEColorUtils.h */; settings = {ATTRIBUTES = (Public, ); }; };
		BFB1724C23DACF1A00CD8D42 /* WECustomPopoverController.h in Headers */ = {isa = PBXBuildFile; fileRef = BFB1720F23DACF1900CD8D42 /* WECustomPopoverController.h */; settings = {ATTRIBUTES = (Public, ); }; };
		BFB1724D23DACF1A00CD8D42 /* WEPopoverAppDelegate.m in Sources */ = {isa = PBXBuildFile; fileRef = BFB1721023DACF1900CD8D42 /* WEPopoverAppDelegate.m */; };
		BFB1724E23DACF1A00CD8D42 /* WEPopoverViewController.m in Sources */ = {isa = PBXBuildFile; fileRef = BFB1721123DACF1900CD8D42 /* WEPopoverViewController.m */; };
		BFB1724F23DACF1A00CD8D42 /* WEPopoverContentViewController.h in Headers */ = {isa = PBXBuildFile; fileRef = BFB1721223DACF1900CD8D42 /* WEPopoverContentViewController.h */; settings = {ATTRIBUTES = (Public, ); }; };
		BFB1725023DACF1A00CD8D42 /* WEPopoverController.h in Headers */ = {isa = PBXBuildFile; fileRef = BFB1721423DACF1900CD8D42 /* WEPopoverController.h */; settings = {ATTRIBUTES = (Public, ); }; };
		BFB1725123DACF1A00CD8D42 /* WEBlockingGestureRecognizer.h in Headers */ = {isa = PBXBuildFile; fileRef = BFB1721523DACF1900CD8D42 /* WEBlockingGestureRecognizer.h */; settings = {ATTRIBUTES = (Public, ); }; };
		BFB1725223DACF1A00CD8D42 /* UIBarButtonItem+WEPopover.h in Headers */ = {isa = PBXBuildFile; fileRef = BFB1721623DACF1900CD8D42 /* UIBarButtonItem+WEPopover.h */; settings = {ATTRIBUTES = (Public, ); }; };
		BFB1725323DACF1A00CD8D42 /* UIView+WEPopover.h in Headers */ = {isa = PBXBuildFile; fileRef = BFB1721723DACF1900CD8D42 /* UIView+WEPopover.h */; settings = {ATTRIBUTES = (Public, ); }; };
		BFB1725423DACF1A00CD8D42 /* WEPopoverContainerView.h in Headers */ = {isa = PBXBuildFile; fileRef = BFB1721823DACF1900CD8D42 /* WEPopoverContainerView.h */; settings = {ATTRIBUTES = (Public, ); }; };
		BFB1725523DACF1A00CD8D42 /* WETouchableView.m in Sources */ = {isa = PBXBuildFile; fileRef = BFB1721923DACF1900CD8D42 /* WETouchableView.m */; };
		BFB1725623DACF1A00CD8D42 /* NSCondition+WEPopover.h in Headers */ = {isa = PBXBuildFile; fileRef = BFB1721A23DACF1900CD8D42 /* NSCondition+WEPopover.h */; settings = {ATTRIBUTES = (Public, ); }; };
		BFB1725723DACF1A00CD8D42 /* WEWeakReference.h in Headers */ = {isa = PBXBuildFile; fileRef = BFB1721B23DACF1900CD8D42 /* WEWeakReference.h */; settings = {ATTRIBUTES = (Public, ); }; };
		BFB1725823DACF1A00CD8D42 /* WEPopoverContainerViewProperties.m in Sources */ = {isa = PBXBuildFile; fileRef = BFB1721C23DACF1900CD8D42 /* WEPopoverContainerViewProperties.m */; };
		BFB1725923DACF1A00CD8D42 /* WEBlockingGestureRecognizer.m in Sources */ = {isa = PBXBuildFile; fileRef = BFB1721D23DACF1900CD8D42 /* WEBlockingGestureRecognizer.m */; };
		BFB1725A23DACF1A00CD8D42 /* WEPopoverController.m in Sources */ = {isa = PBXBuildFile; fileRef = BFB1721E23DACF1900CD8D42 /* WEPopoverController.m */; };
		BFB1725B23DACF1A00CD8D42 /* WETouchableView.h in Headers */ = {isa = PBXBuildFile; fileRef = BFB1721F23DACF1900CD8D42 /* WETouchableView.h */; settings = {ATTRIBUTES = (Public, ); }; };
		BFB1725C23DACF1A00CD8D42 /* WEPopoverContainerView.m in Sources */ = {isa = PBXBuildFile; fileRef = BFB1722023DACF1900CD8D42 /* WEPopoverContainerView.m */; };
		BFB1725D23DACF1A00CD8D42 /* UIView+WEPopover.m in Sources */ = {isa = PBXBuildFile; fileRef = BFB1722123DACF1900CD8D42 /* UIView+WEPopover.m */; };
		BFB1725E23DACF1A00CD8D42 /* UIBarButtonItem+WEPopover.m in Sources */ = {isa = PBXBuildFile; fileRef = BFB1722223DACF1900CD8D42 /* UIBarButtonItem+WEPopover.m */; };
		BFB1725F23DACF1A00CD8D42 /* WEPopoverParentView.h in Headers */ = {isa = PBXBuildFile; fileRef = BFB1722323DACF1900CD8D42 /* WEPopoverParentView.h */; settings = {ATTRIBUTES = (Public, ); }; };
		BFB1726023DACF1A00CD8D42 /* WEPopoverContainerViewProperties.h in Headers */ = {isa = PBXBuildFile; fileRef = BFB1722423DACF1900CD8D42 /* WEPopoverContainerViewProperties.h */; settings = {ATTRIBUTES = (Public, ); }; };
		BFB1726123DACF1A00CD8D42 /* NSCondition+WEPopover.m in Sources */ = {isa = PBXBuildFile; fileRef = BFB1722523DACF1900CD8D42 /* NSCondition+WEPopover.m */; };
		BFB1726223DACF1A00CD8D42 /* WEWeakReference.m in Sources */ = {isa = PBXBuildFile; fileRef = BFB1722623DACF1900CD8D42 /* WEWeakReference.m */; };
		BFB1726323DACF1A00CD8D42 /* WECustomPopoverController.m in Sources */ = {isa = PBXBuildFile; fileRef = BFB1722723DACF1900CD8D42 /* WECustomPopoverController.m */; };
		BFB1726423DACF1A00CD8D42 /* WEColorUtils.m in Sources */ = {isa = PBXBuildFile; fileRef = BFB1722823DACF1900CD8D42 /* WEColorUtils.m */; };
		BFB1726523DACF1A00CD8D42 /* WEPopoverTableViewController.m in Sources */ = {isa = PBXBuildFile; fileRef = BFB1722923DACF1900CD8D42 /* WEPopoverTableViewController.m */; };
		BFB1726623DACF1A00CD8D42 /* WEPopover.h in Headers */ = {isa = PBXBuildFile; fileRef = BFB1722A23DACF1900CD8D42 /* WEPopover.h */; settings = {ATTRIBUTES = (Public, ); }; };
		BFB1726723DACF1A00CD8D42 /* WEPopoverAppDelegate.h in Headers */ = {isa = PBXBuildFile; fileRef = BFB1722B23DACF1900CD8D42 /* WEPopoverAppDelegate.h */; settings = {ATTRIBUTES = (Public, ); }; };
		BFB1726823DACF1A00CD8D42 /* WEPopoverViewController.h in Headers */ = {isa = PBXBuildFile; fileRef = BFB1722C23DACF1900CD8D42 /* WEPopoverViewController.h */; settings = {ATTRIBUTES = (Public, ); }; };
		BFB1726923DACF1A00CD8D42 /* WEPopoverContentViewController.m in Sources */ = {isa = PBXBuildFile; fileRef = BFB1722D23DACF1900CD8D42 /* WEPopoverContentViewController.m */; };
		BFB1726A23DACF1A00CD8D42 /* WEPopover_Prefix.pch in Headers */ = {isa = PBXBuildFile; fileRef = BFB1722E23DACF1900CD8D42 /* WEPopover_Prefix.pch */; settings = {ATTRIBUTES = (Public, ); }; };
		BFB1726B23DACF1A00CD8D42 /* MainWindow.xib in Resources */ = {isa = PBXBuildFile; fileRef = BFB1723023DACF1A00CD8D42 /* MainWindow.xib */; };
		BFB1726C23DACF1A00CD8D42 /* popoverArrowUp.png in Resources */ = {isa = PBXBuildFile; fileRef = BFB1723223DACF1A00CD8D42 /* popoverArrowUp.png */; };
		BFB1726D23DACF1A00CD8D42 /* popoverArrowUpSimple.png in Resources */ = {isa = PBXBuildFile; fileRef = BFB1723323DACF1A00CD8D42 /* popoverArrowUpSimple.png */; };
		BFB1726E23DACF1A00CD8D42 /* popoverBgSimple.png in Resources */ = {isa = PBXBuildFile; fileRef = BFB1723423DACF1A00CD8D42 /* popoverBgSimple.png */; };
		BFB1726F23DACF1A00CD8D42 /* popoverArrowDown-white@2x.png in Resources */ = {isa = PBXBuildFile; fileRef = BFB1723523DACF1A00CD8D42 /* popoverArrowDown-white@2x.png */; };
		BFB1727023DACF1A00CD8D42 /* popoverArrowDown@2x.png in Resources */ = {isa = PBXBuildFile; fileRef = BFB1723623DACF1A00CD8D42 /* popoverArrowDown@2x.png */; };
		BFB1727123DACF1A00CD8D42 /* popoverArrowRight@2x.png in Resources */ = {isa = PBXBuildFile; fileRef = BFB1723723DACF1A00CD8D42 /* popoverArrowRight@2x.png */; };
		BFB1727223DACF1A00CD8D42 /* popoverArrowLeft.png in Resources */ = {isa = PBXBuildFile; fileRef = BFB1723823DACF1A00CD8D42 /* popoverArrowLeft.png */; };
		BFB1727323DACF1A00CD8D42 /* popoverArrowRightSimple.png in Resources */ = {isa = PBXBuildFile; fileRef = BFB1723923DACF1A00CD8D42 /* popoverArrowRightSimple.png */; };
		BFB1727423DACF1A00CD8D42 /* popoverArrowLeft@2x.png in Resources */ = {isa = PBXBuildFile; fileRef = BFB1723A23DACF1A00CD8D42 /* popoverArrowLeft@2x.png */; };
		BFB1727523DACF1A00CD8D42 /* popoverArrowRight.png in Resources */ = {isa = PBXBuildFile; fileRef = BFB1723B23DACF1A00CD8D42 /* popoverArrowRight.png */; };
		BFB1727623DACF1A00CD8D42 /* popoverBg-white@2x.png in Resources */ = {isa = PBXBuildFile; fileRef = BFB1723C23DACF1A00CD8D42 /* popoverBg-white@2x.png */; };
		BFB1727723DACF1A00CD8D42 /* popoverBg.png in Resources */ = {isa = PBXBuildFile; fileRef = BFB1723D23DACF1A00CD8D42 /* popoverBg.png */; };
		BFB1727823DACF1A00CD8D42 /* popoverArrowRight-white@2x.png in Resources */ = {isa = PBXBuildFile; fileRef = BFB1723E23DACF1A00CD8D42 /* popoverArrowRight-white@2x.png */; };
		BFB1727923DACF1A00CD8D42 /* popoverArrowLeftSimple.png in Resources */ = {isa = PBXBuildFile; fileRef = BFB1723F23DACF1A00CD8D42 /* popoverArrowLeftSimple.png */; };
		BFB1727A23DACF1A00CD8D42 /* popoverArrowDownSimple.png in Resources */ = {isa = PBXBuildFile; fileRef = BFB1724023DACF1A00CD8D42 /* popoverArrowDownSimple.png */; };
		BFB1727B23DACF1A00CD8D42 /* popoverArrowUp-white@2x.png in Resources */ = {isa = PBXBuildFile; fileRef = BFB1724123DACF1A00CD8D42 /* popoverArrowUp-white@2x.png */; };
		BFB1727C23DACF1A00CD8D42 /* popoverArrowDown.png in Resources */ = {isa = PBXBuildFile; fileRef = BFB1724223DACF1A00CD8D42 /* popoverArrowDown.png */; };
		BFB1727D23DACF1A00CD8D42 /* popoverArrowUp@2x.png in Resources */ = {isa = PBXBuildFile; fileRef = BFB1724323DACF1A00CD8D42 /* popoverArrowUp@2x.png */; };
		BFB1727E23DACF1A00CD8D42 /* popoverArrowLeft-white@2x.png in Resources */ = {isa = PBXBuildFile; fileRef = BFB1724423DACF1A00CD8D42 /* popoverArrowLeft-white@2x.png */; };
		BFB1727F23DACF1A00CD8D42 /* CustomPopover.xcassets in Resources */ = {isa = PBXBuildFile; fileRef = BFB1724623DACF1A00CD8D42 /* CustomPopover.xcassets */; };
		BFB1728023DACF1A00CD8D42 /* popoverBg@2x.png in Resources */ = {isa = PBXBuildFile; fileRef = BFB1724723DACF1A00CD8D42 /* popoverBg@2x.png */; };
		BFB1728123DACF1A00CD8D42 /* WEPopoverViewController.xib in Resources */ = {isa = PBXBuildFile; fileRef = BFB1724823DACF1A00CD8D42 /* WEPopoverViewController.xib */; };
/* End PBXBuildFile section */

/* Begin PBXFileReference section */
		BFB1720023DACEDA00CD8D42 /* WEPopover.framework */ = {isa = PBXFileReference; explicitFileType = wrapper.framework; includeInIndex = 0; path = WEPopover.framework; sourceTree = BUILT_PRODUCTS_DIR; };
		BFB1720B23DACF1900CD8D42 /* WEPopover-Info.plist */ = {isa = PBXFileReference; fileEncoding = 4; lastKnownFileType = text.plist.xml; path = "WEPopover-Info.plist"; sourceTree = "<group>"; };
		BFB1720D23DACF1900CD8D42 /* WEPopoverTableViewController.h */ = {isa = PBXFileReference; fileEncoding = 4; lastKnownFileType = sourcecode.c.h; path = WEPopoverTableViewController.h; sourceTree = "<group>"; };
		BFB1720E23DACF1900CD8D42 /* WEColorUtils.h */ = {isa = PBXFileReference; fileEncoding = 4; lastKnownFileType = sourcecode.c.h; path = WEColorUtils.h; sourceTree = "<group>"; };
		BFB1720F23DACF1900CD8D42 /* WECustomPopoverController.h */ = {isa = PBXFileReference; fileEncoding = 4; lastKnownFileType = sourcecode.c.h; path = WECustomPopoverController.h; sourceTree = "<group>"; };
		BFB1721023DACF1900CD8D42 /* WEPopoverAppDelegate.m */ = {isa = PBXFileReference; fileEncoding = 4; lastKnownFileType = sourcecode.c.objc; path = WEPopoverAppDelegate.m; sourceTree = "<group>"; };
		BFB1721123DACF1900CD8D42 /* WEPopoverViewController.m */ = {isa = PBXFileReference; fileEncoding = 4; lastKnownFileType = sourcecode.c.objc; path = WEPopoverViewController.m; sourceTree = "<group>"; };
		BFB1721223DACF1900CD8D42 /* WEPopoverContentViewController.h */ = {isa = PBXFileReference; fileEncoding = 4; lastKnownFileType = sourcecode.c.h; path = WEPopoverContentViewController.h; sourceTree = "<group>"; };
		BFB1721423DACF1900CD8D42 /* WEPopoverController.h */ = {isa = PBXFileReference; fileEncoding = 4; lastKnownFileType = sourcecode.c.h; path = WEPopoverController.h; sourceTree = "<group>"; };
		BFB1721523DACF1900CD8D42 /* WEBlockingGestureRecognizer.h */ = {isa = PBXFileReference; fileEncoding = 4; lastKnownFileType = sourcecode.c.h; path = WEBlockingGestureRecognizer.h; sourceTree = "<group>"; };
		BFB1721623DACF1900CD8D42 /* UIBarButtonItem+WEPopover.h */ = {isa = PBXFileReference; fileEncoding = 4; lastKnownFileType = sourcecode.c.h; path = "UIBarButtonItem+WEPopover.h"; sourceTree = "<group>"; };
		BFB1721723DACF1900CD8D42 /* UIView+WEPopover.h */ = {isa = PBXFileReference; fileEncoding = 4; lastKnownFileType = sourcecode.c.h; path = "UIView+WEPopover.h"; sourceTree = "<group>"; };
		BFB1721823DACF1900CD8D42 /* WEPopoverContainerView.h */ = {isa = PBXFileReference; fileEncoding = 4; lastKnownFileType = sourcecode.c.h; path = WEPopoverContainerView.h; sourceTree = "<group>"; };
		BFB1721923DACF1900CD8D42 /* WETouchableView.m */ = {isa = PBXFileReference; fileEncoding = 4; lastKnownFileType = sourcecode.c.objc; path = WETouchableView.m; sourceTree = "<group>"; };
		BFB1721A23DACF1900CD8D42 /* NSCondition+WEPopover.h */ = {isa = PBXFileReference; fileEncoding = 4; lastKnownFileType = sourcecode.c.h; path = "NSCondition+WEPopover.h"; sourceTree = "<group>"; };
		BFB1721B23DACF1900CD8D42 /* WEWeakReference.h */ = {isa = PBXFileReference; fileEncoding = 4; lastKnownFileType = sourcecode.c.h; path = WEWeakReference.h; sourceTree = "<group>"; };
		BFB1721C23DACF1900CD8D42 /* WEPopoverContainerViewProperties.m */ = {isa = PBXFileReference; fileEncoding = 4; lastKnownFileType = sourcecode.c.objc; path = WEPopoverContainerViewProperties.m; sourceTree = "<group>"; };
		BFB1721D23DACF1900CD8D42 /* WEBlockingGestureRecognizer.m */ = {isa = PBXFileReference; fileEncoding = 4; lastKnownFileType = sourcecode.c.objc; path = WEBlockingGestureRecognizer.m; sourceTree = "<group>"; };
		BFB1721E23DACF1900CD8D42 /* WEPopoverController.m */ = {isa = PBXFileReference; fileEncoding = 4; lastKnownFileType = sourcecode.c.objc; path = WEPopoverController.m; sourceTree = "<group>"; };
		BFB1721F23DACF1900CD8D42 /* WETouchableView.h */ = {isa = PBXFileReference; fileEncoding = 4; lastKnownFileType = sourcecode.c.h; path = WETouchableView.h; sourceTree = "<group>"; };
		BFB1722023DACF1900CD8D42 /* WEPopoverContainerView.m */ = {isa = PBXFileReference; fileEncoding = 4; lastKnownFileType = sourcecode.c.objc; path = WEPopoverContainerView.m; sourceTree = "<group>"; };
		BFB1722123DACF1900CD8D42 /* UIView+WEPopover.m */ = {isa = PBXFileReference; fileEncoding = 4; lastKnownFileType = sourcecode.c.objc; path = "UIView+WEPopover.m"; sourceTree = "<group>"; };
		BFB1722223DACF1900CD8D42 /* UIBarButtonItem+WEPopover.m */ = {isa = PBXFileReference; fileEncoding = 4; lastKnownFileType = sourcecode.c.objc; path = "UIBarButtonItem+WEPopover.m"; sourceTree = "<group>"; };
		BFB1722323DACF1900CD8D42 /* WEPopoverParentView.h */ = {isa = PBXFileReference; fileEncoding = 4; lastKnownFileType = sourcecode.c.h; path = WEPopoverParentView.h; sourceTree = "<group>"; };
		BFB1722423DACF1900CD8D42 /* WEPopoverContainerViewProperties.h */ = {isa = PBXFileReference; fileEncoding = 4; lastKnownFileType = sourcecode.c.h; path = WEPopoverContainerViewProperties.h; sourceTree = "<group>"; };
		BFB1722523DACF1900CD8D42 /* NSCondition+WEPopover.m */ = {isa = PBXFileReference; fileEncoding = 4; lastKnownFileType = sourcecode.c.objc; path = "NSCondition+WEPopover.m"; sourceTree = "<group>"; };
		BFB1722623DACF1900CD8D42 /* WEWeakReference.m */ = {isa = PBXFileReference; fileEncoding = 4; lastKnownFileType = sourcecode.c.objc; path = WEWeakReference.m; sourceTree = "<group>"; };
		BFB1722723DACF1900CD8D42 /* WECustomPopoverController.m */ = {isa = PBXFileReference; fileEncoding = 4; lastKnownFileType = sourcecode.c.objc; path = WECustomPopoverController.m; sourceTree = "<group>"; };
		BFB1722823DACF1900CD8D42 /* WEColorUtils.m */ = {isa = PBXFileReference; fileEncoding = 4; lastKnownFileType = sourcecode.c.objc; path = WEColorUtils.m; sourceTree = "<group>"; };
		BFB1722923DACF1900CD8D42 /* WEPopoverTableViewController.m */ = {isa = PBXFileReference; fileEncoding = 4; lastKnownFileType = sourcecode.c.objc; path = WEPopoverTableViewController.m; sourceTree = "<group>"; };
		BFB1722A23DACF1900CD8D42 /* WEPopover.h */ = {isa = PBXFileReference; fileEncoding = 4; lastKnownFileType = sourcecode.c.h; path = WEPopover.h; sourceTree = "<group>"; };
		BFB1722B23DACF1900CD8D42 /* WEPopoverAppDelegate.h */ = {isa = PBXFileReference; fileEncoding = 4; lastKnownFileType = sourcecode.c.h; path = WEPopoverAppDelegate.h; sourceTree = "<group>"; };
		BFB1722C23DACF1900CD8D42 /* WEPopoverViewController.h */ = {isa = PBXFileReference; fileEncoding = 4; lastKnownFileType = sourcecode.c.h; path = WEPopoverViewController.h; sourceTree = "<group>"; };
		BFB1722D23DACF1900CD8D42 /* WEPopoverContentViewController.m */ = {isa = PBXFileReference; fileEncoding = 4; lastKnownFileType = sourcecode.c.objc; path = WEPopoverContentViewController.m; sourceTree = "<group>"; };
		BFB1722E23DACF1900CD8D42 /* WEPopover_Prefix.pch */ = {isa = PBXFileReference; fileEncoding = 4; lastKnownFileType = sourcecode.c.h; path = WEPopover_Prefix.pch; sourceTree = "<group>"; };
		BFB1723023DACF1A00CD8D42 /* MainWindow.xib */ = {isa = PBXFileReference; fileEncoding = 4; lastKnownFileType = file.xib; path = MainWindow.xib; sourceTree = "<group>"; };
		BFB1723223DACF1A00CD8D42 /* popoverArrowUp.png */ = {isa = PBXFileReference; lastKnownFileType = image.png; path = popoverArrowUp.png; sourceTree = "<group>"; };
		BFB1723323DACF1A00CD8D42 /* popoverArrowUpSimple.png */ = {isa = PBXFileReference; lastKnownFileType = image.png; path = popoverArrowUpSimple.png; sourceTree = "<group>"; };
		BFB1723423DACF1A00CD8D42 /* popoverBgSimple.png */ = {isa = PBXFileReference; lastKnownFileType = image.png; path = popoverBgSimple.png; sourceTree = "<group>"; };
		BFB1723523DACF1A00CD8D42 /* popoverArrowDown-white@2x.png */ = {isa = PBXFileReference; lastKnownFileType = image.png; path = "popoverArrowDown-white@2x.png"; sourceTree = "<group>"; };
		BFB1723623DACF1A00CD8D42 /* popoverArrowDown@2x.png */ = {isa = PBXFileReference; lastKnownFileType = image.png; path = "popoverArrowDown@2x.png"; sourceTree = "<group>"; };
		BFB1723723DACF1A00CD8D42 /* popoverArrowRight@2x.png */ = {isa = PBXFileReference; lastKnownFileType = image.png; path = "popoverArrowRight@2x.png"; sourceTree = "<group>"; };
		BFB1723823DACF1A00CD8D42 /* popoverArrowLeft.png */ = {isa = PBXFileReference; lastKnownFileType = image.png; path = popoverArrowLeft.png; sourceTree = "<group>"; };
		BFB1723923DACF1A00CD8D42 /* popoverArrowRightSimple.png */ = {isa = PBXFileReference; lastKnownFileType = image.png; path = popoverArrowRightSimple.png; sourceTree = "<group>"; };
		BFB1723A23DACF1A00CD8D42 /* popoverArrowLeft@2x.png */ = {isa = PBXFileReference; lastKnownFileType = image.png; path = "popoverArrowLeft@2x.png"; sourceTree = "<group>"; };
		BFB1723B23DACF1A00CD8D42 /* popoverArrowRight.png */ = {isa = PBXFileReference; lastKnownFileType = image.png; path = popoverArrowRight.png; sourceTree = "<group>"; };
		BFB1723C23DACF1A00CD8D42 /* popoverBg-white@2x.png */ = {isa = PBXFileReference; lastKnownFileType = image.png; path = "popoverBg-white@2x.png"; sourceTree = "<group>"; };
		BFB1723D23DACF1A00CD8D42 /* popoverBg.png */ = {isa = PBXFileReference; lastKnownFileType = image.png; path = popoverBg.png; sourceTree = "<group>"; };
		BFB1723E23DACF1A00CD8D42 /* popoverArrowRight-white@2x.png */ = {isa = PBXFileReference; lastKnownFileType = image.png; path = "popoverArrowRight-white@2x.png"; sourceTree = "<group>"; };
		BFB1723F23DACF1A00CD8D42 /* popoverArrowLeftSimple.png */ = {isa = PBXFileReference; lastKnownFileType = image.png; path = popoverArrowLeftSimple.png; sourceTree = "<group>"; };
		BFB1724023DACF1A00CD8D42 /* popoverArrowDownSimple.png */ = {isa = PBXFileReference; lastKnownFileType = image.png; path = popoverArrowDownSimple.png; sourceTree = "<group>"; };
		BFB1724123DACF1A00CD8D42 /* popoverArrowUp-white@2x.png */ = {isa = PBXFileReference; lastKnownFileType = image.png; path = "popoverArrowUp-white@2x.png"; sourceTree = "<group>"; };
		BFB1724223DACF1A00CD8D42 /* popoverArrowDown.png */ = {isa = PBXFileReference; lastKnownFileType = image.png; path = popoverArrowDown.png; sourceTree = "<group>"; };
		BFB1724323DACF1A00CD8D42 /* popoverArrowUp@2x.png */ = {isa = PBXFileReference; lastKnownFileType = image.png; path = "popoverArrowUp@2x.png"; sourceTree = "<group>"; };
		BFB1724423DACF1A00CD8D42 /* popoverArrowLeft-white@2x.png */ = {isa = PBXFileReference; lastKnownFileType = image.png; path = "popoverArrowLeft-white@2x.png"; sourceTree = "<group>"; };
		BFB1724623DACF1A00CD8D42 /* CustomPopover.xcassets */ = {isa = PBXFileReference; lastKnownFileType = folder.assetcatalog; path = CustomPopover.xcassets; sourceTree = "<group>"; };
		BFB1724723DACF1A00CD8D42 /* popoverBg@2x.png */ = {isa = PBXFileReference; lastKnownFileType = image.png; path = "popoverBg@2x.png"; sourceTree = "<group>"; };
		BFB1724823DACF1A00CD8D42 /* WEPopoverViewController.xib */ = {isa = PBXFileReference; fileEncoding = 4; lastKnownFileType = file.xib; path = WEPopoverViewController.xib; sourceTree = "<group>"; };
/* End PBXFileReference section */

/* Begin PBXFrameworksBuildPhase section */
		BFB171FD23DACEDA00CD8D42 /* Frameworks */ = {
			isa = PBXFrameworksBuildPhase;
			buildActionMask = 2147483647;
			files = (
			);
			runOnlyForDeploymentPostprocessing = 0;
		};
/* End PBXFrameworksBuildPhase section */

/* Begin PBXGroup section */
		BFB171F623DACEDA00CD8D42 = {
			isa = PBXGroup;
			children = (
				BFB1720C23DACF1900CD8D42 /* Classes */,
				BFB1722F23DACF1A00CD8D42 /* Resources */,
				BFB1722E23DACF1900CD8D42 /* WEPopover_Prefix.pch */,
				BFB1720B23DACF1900CD8D42 /* WEPopover-Info.plist */,
				BFB1720123DACEDA00CD8D42 /* Products */,
			);
			sourceTree = "<group>";
		};
		BFB1720123DACEDA00CD8D42 /* Products */ = {
			isa = PBXGroup;
			children = (
				BFB1720023DACEDA00CD8D42 /* WEPopover.framework */,
			);
			name = Products;
			sourceTree = "<group>";
		};
		BFB1720C23DACF1900CD8D42 /* Classes */ = {
			isa = PBXGroup;
			children = (
				BFB1721323DACF1900CD8D42 /* Popover */,
				BFB1720E23DACF1900CD8D42 /* WEColorUtils.h */,
				BFB1722823DACF1900CD8D42 /* WEColorUtils.m */,
				BFB1720F23DACF1900CD8D42 /* WECustomPopoverController.h */,
				BFB1722723DACF1900CD8D42 /* WECustomPopoverController.m */,
				BFB1722A23DACF1900CD8D42 /* WEPopover.h */,
				BFB1722B23DACF1900CD8D42 /* WEPopoverAppDelegate.h */,
				BFB1721023DACF1900CD8D42 /* WEPopoverAppDelegate.m */,
				BFB1721223DACF1900CD8D42 /* WEPopoverContentViewController.h */,
				BFB1722D23DACF1900CD8D42 /* WEPopoverContentViewController.m */,
				BFB1720D23DACF1900CD8D42 /* WEPopoverTableViewController.h */,
				BFB1722923DACF1900CD8D42 /* WEPopoverTableViewController.m */,
				BFB1722C23DACF1900CD8D42 /* WEPopoverViewController.h */,
				BFB1721123DACF1900CD8D42 /* WEPopoverViewController.m */,
			);
			path = Classes;
			sourceTree = "<group>";
		};
		BFB1721323DACF1900CD8D42 /* Popover */ = {
			isa = PBXGroup;
			children = (
				BFB1721A23DACF1900CD8D42 /* NSCondition+WEPopover.h */,
				BFB1722523DACF1900CD8D42 /* NSCondition+WEPopover.m */,
				BFB1721623DACF1900CD8D42 /* UIBarButtonItem+WEPopover.h */,
				BFB1722223DACF1900CD8D42 /* UIBarButtonItem+WEPopover.m */,
				BFB1721723DACF1900CD8D42 /* UIView+WEPopover.h */,
				BFB1722123DACF1900CD8D42 /* UIView+WEPopover.m */,
				BFB1721523DACF1900CD8D42 /* WEBlockingGestureRecognizer.h */,
				BFB1721D23DACF1900CD8D42 /* WEBlockingGestureRecognizer.m */,
				BFB1721823DACF1900CD8D42 /* WEPopoverContainerView.h */,
				BFB1722023DACF1900CD8D42 /* WEPopoverContainerView.m */,
				BFB1722423DACF1900CD8D42 /* WEPopoverContainerViewProperties.h */,
				BFB1721C23DACF1900CD8D42 /* WEPopoverContainerViewProperties.m */,
				BFB1721423DACF1900CD8D42 /* WEPopoverController.h */,
				BFB1721E23DACF1900CD8D42 /* WEPopoverController.m */,
				BFB1722323DACF1900CD8D42 /* WEPopoverParentView.h */,
				BFB1721F23DACF1900CD8D42 /* WETouchableView.h */,
				BFB1721923DACF1900CD8D42 /* WETouchableView.m */,
				BFB1721B23DACF1900CD8D42 /* WEWeakReference.h */,
				BFB1722623DACF1900CD8D42 /* WEWeakReference.m */,
			);
			path = Popover;
			sourceTree = "<group>";
		};
		BFB1722F23DACF1A00CD8D42 /* Resources */ = {
			isa = PBXGroup;
			children = (
				BFB1723023DACF1A00CD8D42 /* MainWindow.xib */,
				BFB1723123DACF1A00CD8D42 /* Popover */,
				BFB1724823DACF1A00CD8D42 /* WEPopoverViewController.xib */,
			);
			path = Resources;
			sourceTree = "<group>";
		};
		BFB1723123DACF1A00CD8D42 /* Popover */ = {
			isa = PBXGroup;
			children = (
				BFB1723223DACF1A00CD8D42 /* popoverArrowUp.png */,
				BFB1723323DACF1A00CD8D42 /* popoverArrowUpSimple.png */,
				BFB1723423DACF1A00CD8D42 /* popoverBgSimple.png */,
				BFB1723523DACF1A00CD8D42 /* popoverArrowDown-white@2x.png */,
				BFB1723623DACF1A00CD8D42 /* popoverArrowDown@2x.png */,
				BFB1723723DACF1A00CD8D42 /* popoverArrowRight@2x.png */,
				BFB1723823DACF1A00CD8D42 /* popoverArrowLeft.png */,
				BFB1723923DACF1A00CD8D42 /* popoverArrowRightSimple.png */,
				BFB1723A23DACF1A00CD8D42 /* popoverArrowLeft@2x.png */,
				BFB1723B23DACF1A00CD8D42 /* popoverArrowRight.png */,
				BFB1723C23DACF1A00CD8D42 /* popoverBg-white@2x.png */,
				BFB1723D23DACF1A00CD8D42 /* popoverBg.png */,
				BFB1723E23DACF1A00CD8D42 /* popoverArrowRight-white@2x.png */,
				BFB1723F23DACF1A00CD8D42 /* popoverArrowLeftSimple.png */,
				BFB1724023DACF1A00CD8D42 /* popoverArrowDownSimple.png */,
				BFB1724123DACF1A00CD8D42 /* popoverArrowUp-white@2x.png */,
				BFB1724223DACF1A00CD8D42 /* popoverArrowDown.png */,
				BFB1724323DACF1A00CD8D42 /* popoverArrowUp@2x.png */,
				BFB1724423DACF1A00CD8D42 /* popoverArrowLeft-white@2x.png */,
				BFB1724523DACF1A00CD8D42 /* Custom */,
				BFB1724723DACF1A00CD8D42 /* popoverBg@2x.png */,
			);
			path = Popover;
			sourceTree = "<group>";
		};
		BFB1724523DACF1A00CD8D42 /* Custom */ = {
			isa = PBXGroup;
			children = (
				BFB1724623DACF1A00CD8D42 /* CustomPopover.xcassets */,
			);
			path = Custom;
			sourceTree = "<group>";
		};
/* End PBXGroup section */

/* Begin PBXHeadersBuildPhase section */
		BFB171FB23DACEDA00CD8D42 /* Headers */ = {
			isa = PBXHeadersBuildPhase;
			buildActionMask = 2147483647;
			files = (
				BFB1724C23DACF1A00CD8D42 /* WECustomPopoverController.h in Headers */,
				BFB1726623DACF1A00CD8D42 /* WEPopover.h in Headers */,
				BFB1725123DACF1A00CD8D42 /* WEBlockingGestureRecognizer.h in Headers */,
				BFB1724B23DACF1A00CD8D42 /* WEColorUtils.h in Headers */,
				BFB1725323DACF1A00CD8D42 /* UIView+WEPopover.h in Headers */,
				BFB1724F23DACF1A00CD8D42 /* WEPopoverContentViewController.h in Headers */,
				BFB1725B23DACF1A00CD8D42 /* WETouchableView.h in Headers */,
				BFB1725623DACF1A00CD8D42 /* NSCondition+WEPopover.h in Headers */,
				BFB1725F23DACF1A00CD8D42 /* WEPopoverParentView.h in Headers */,
				BFB1725223DACF1A00CD8D42 /* UIBarButtonItem+WEPopover.h in Headers */,
				BFB1725023DACF1A00CD8D42 /* WEPopoverController.h in Headers */,
				BFB1725723DACF1A00CD8D42 /* WEWeakReference.h in Headers */,
				BFB1724A23DACF1A00CD8D42 /* WEPopoverTableViewController.h in Headers */,
				BFB1726A23DACF1A00CD8D42 /* WEPopover_Prefix.pch in Headers */,
				BFB1726023DACF1A00CD8D42 /* WEPopoverContainerViewProperties.h in Headers */,
				BFB1725423DACF1A00CD8D42 /* WEPopoverContainerView.h in Headers */,
				BFB1726823DACF1A00CD8D42 /* WEPopoverViewController.h in Headers */,
				BFB1726723DACF1A00CD8D42 /* WEPopoverAppDelegate.h in Headers */,
			);
			runOnlyForDeploymentPostprocessing = 0;
		};
/* End PBXHeadersBuildPhase section */

/* Begin PBXNativeTarget section */
		BFB171FF23DACEDA00CD8D42 /* WEPopover */ = {
			isa = PBXNativeTarget;
			buildConfigurationList = BFB1720823DACEDA00CD8D42 /* Build configuration list for PBXNativeTarget "WEPopover" */;
			buildPhases = (
				BFB171FB23DACEDA00CD8D42 /* Headers */,
				BFB171FC23DACEDA00CD8D42 /* Sources */,
				BFB171FD23DACEDA00CD8D42 /* Frameworks */,
				BFB171FE23DACEDA00CD8D42 /* Resources */,
			);
			buildRules = (
			);
			dependencies = (
			);
			name = WEPopover;
			productName = WEPopover;
			productReference = BFB1720023DACEDA00CD8D42 /* WEPopover.framework */;
			productType = "com.apple.product-type.framework";
		};
/* End PBXNativeTarget section */

/* Begin PBXProject section */
		BFB171F723DACEDA00CD8D42 /* Project object */ = {
			isa = PBXProject;
			attributes = {
				LastUpgradeCheck = 1130;
				ORGANIZATIONNAME = "Albert Heijn";
				TargetAttributes = {
					BFB171FF23DACEDA00CD8D42 = {
						CreatedOnToolsVersion = 11.3;
					};
				};
			};
			buildConfigurationList = BFB171FA23DACEDA00CD8D42 /* Build configuration list for PBXProject "WEPopover" */;
			compatibilityVersion = "Xcode 9.3";
			developmentRegion = en;
			hasScannedForEncodings = 0;
			knownRegions = (
				en,
				Base,
			);
			mainGroup = BFB171F623DACEDA00CD8D42;
			productRefGroup = BFB1720123DACEDA00CD8D42 /* Products */;
			projectDirPath = "";
			projectRoot = "";
			targets = (
				BFB171FF23DACEDA00CD8D42 /* WEPopover */,
			);
		};
/* End PBXProject section */

/* Begin PBXResourcesBuildPhase section */
		BFB171FE23DACEDA00CD8D42 /* Resources */ = {
			isa = PBXResourcesBuildPhase;
			buildActionMask = 2147483647;
			files = (
				BFB1728023DACF1A00CD8D42 /* popoverBg@2x.png in Resources */,
				BFB1726D23DACF1A00CD8D42 /* popoverArrowUpSimple.png in Resources */,
				BFB1727223DACF1A00CD8D42 /* popoverArrowLeft.png in Resources */,
				BFB1727323DACF1A00CD8D42 /* popoverArrowRightSimple.png in Resources */,
				BFB1727823DACF1A00CD8D42 /* popoverArrowRight-white@2x.png in Resources */,
				BFB1727E23DACF1A00CD8D42 /* popoverArrowLeft-white@2x.png in Resources */,
				BFB1727123DACF1A00CD8D42 /* popoverArrowRight@2x.png in Resources */,
				BFB1727B23DACF1A00CD8D42 /* popoverArrowUp-white@2x.png in Resources */,
				BFB1727723DACF1A00CD8D42 /* popoverBg.png in Resources */,
				BFB1727023DACF1A00CD8D42 /* popoverArrowDown@2x.png in Resources */,
				BFB1728123DACF1A00CD8D42 /* WEPopoverViewController.xib in Resources */,
				BFB1726E23DACF1A00CD8D42 /* popoverBgSimple.png in Resources */,
				BFB1727D23DACF1A00CD8D42 /* popoverArrowUp@2x.png in Resources */,
				BFB1727923DACF1A00CD8D42 /* popoverArrowLeftSimple.png in Resources */,
				BFB1727A23DACF1A00CD8D42 /* popoverArrowDownSimple.png in Resources */,
				BFB1726F23DACF1A00CD8D42 /* popoverArrowDown-white@2x.png in Resources */,
				BFB1727423DACF1A00CD8D42 /* popoverArrowLeft@2x.png in Resources */,
				BFB1727623DACF1A00CD8D42 /* popoverBg-white@2x.png in Resources */,
				BFB1727F23DACF1A00CD8D42 /* CustomPopover.xcassets in Resources */,
				BFB1727523DACF1A00CD8D42 /* popoverArrowRight.png in Resources */,
				BFB1726C23DACF1A00CD8D42 /* popoverArrowUp.png in Resources */,
				BFB1726B23DACF1A00CD8D42 /* MainWindow.xib in Resources */,
				BFB1727C23DACF1A00CD8D42 /* popoverArrowDown.png in Resources */,
			);
			runOnlyForDeploymentPostprocessing = 0;
		};
/* End PBXResourcesBuildPhase section */

/* Begin PBXSourcesBuildPhase section */
		BFB171FC23DACEDA00CD8D42 /* Sources */ = {
			isa = PBXSourcesBuildPhase;
			buildActionMask = 2147483647;
			files = (
				BFB1726323DACF1A00CD8D42 /* WECustomPopoverController.m in Sources */,
				BFB1726123DACF1A00CD8D42 /* NSCondition+WEPopover.m in Sources */,
				BFB1725D23DACF1A00CD8D42 /* UIView+WEPopover.m in Sources */,
				BFB1726523DACF1A00CD8D42 /* WEPopoverTableViewController.m in Sources */,
				BFB1726423DACF1A00CD8D42 /* WEColorUtils.m in Sources */,
				BFB1725923DACF1A00CD8D42 /* WEBlockingGestureRecognizer.m in Sources */,
				BFB1725A23DACF1A00CD8D42 /* WEPopoverController.m in Sources */,
				BFB1726223DACF1A00CD8D42 /* WEWeakReference.m in Sources */,
				BFB1724E23DACF1A00CD8D42 /* WEPopoverViewController.m in Sources */,
				BFB1725C23DACF1A00CD8D42 /* WEPopoverContainerView.m in Sources */,
				BFB1725E23DACF1A00CD8D42 /* UIBarButtonItem+WEPopover.m in Sources */,
				BFB1724D23DACF1A00CD8D42 /* WEPopoverAppDelegate.m in Sources */,
				BFB1725523DACF1A00CD8D42 /* WETouchableView.m in Sources */,
				BFB1725823DACF1A00CD8D42 /* WEPopoverContainerViewProperties.m in Sources */,
				BFB1726923DACF1A00CD8D42 /* WEPopoverContentViewController.m in Sources */,
			);
			runOnlyForDeploymentPostprocessing = 0;
		};
/* End PBXSourcesBuildPhase section */

/* Begin XCBuildConfiguration section */
		BFB1720623DACEDA00CD8D42 /* Debug */ = {
			isa = XCBuildConfiguration;
			buildSettings = {
				ALWAYS_SEARCH_USER_PATHS = NO;
				CLANG_ANALYZER_NONNULL = YES;
				CLANG_ANALYZER_NUMBER_OBJECT_CONVERSION = YES_AGGRESSIVE;
				CLANG_CXX_LANGUAGE_STANDARD = "gnu++14";
				CLANG_CXX_LIBRARY = "libc++";
				CLANG_ENABLE_MODULES = YES;
				CLANG_ENABLE_OBJC_ARC = YES;
				CLANG_ENABLE_OBJC_WEAK = YES;
				CLANG_WARN_BLOCK_CAPTURE_AUTORELEASING = YES;
				CLANG_WARN_BOOL_CONVERSION = YES;
				CLANG_WARN_COMMA = YES;
				CLANG_WARN_CONSTANT_CONVERSION = YES;
				CLANG_WARN_DEPRECATED_OBJC_IMPLEMENTATIONS = YES;
				CLANG_WARN_DIRECT_OBJC_ISA_USAGE = YES_ERROR;
				CLANG_WARN_DOCUMENTATION_COMMENTS = YES;
				CLANG_WARN_EMPTY_BODY = YES;
				CLANG_WARN_ENUM_CONVERSION = YES;
				CLANG_WARN_INFINITE_RECURSION = YES;
				CLANG_WARN_INT_CONVERSION = YES;
				CLANG_WARN_NON_LITERAL_NULL_CONVERSION = YES;
				CLANG_WARN_OBJC_IMPLICIT_RETAIN_SELF = YES;
				CLANG_WARN_OBJC_LITERAL_CONVERSION = YES;
				CLANG_WARN_OBJC_ROOT_CLASS = YES_ERROR;
				CLANG_WARN_RANGE_LOOP_ANALYSIS = YES;
				CLANG_WARN_STRICT_PROTOTYPES = YES;
				CLANG_WARN_SUSPICIOUS_MOVE = YES;
				CLANG_WARN_UNGUARDED_AVAILABILITY = YES_AGGRESSIVE;
				CLANG_WARN_UNREACHABLE_CODE = YES;
				CLANG_WARN__DUPLICATE_METHOD_MATCH = YES;
				COPY_PHASE_STRIP = NO;
				CURRENT_PROJECT_VERSION = 1;
				DEBUG_INFORMATION_FORMAT = dwarf;
				ENABLE_STRICT_OBJC_MSGSEND = YES;
				ENABLE_TESTABILITY = YES;
				GCC_C_LANGUAGE_STANDARD = gnu11;
				GCC_DYNAMIC_NO_PIC = NO;
				GCC_NO_COMMON_BLOCKS = YES;
				GCC_OPTIMIZATION_LEVEL = 0;
				GCC_PREPROCESSOR_DEFINITIONS = (
					"DEBUG=1",
					"$(inherited)",
				);
				GCC_WARN_64_TO_32_BIT_CONVERSION = YES;
				GCC_WARN_ABOUT_RETURN_TYPE = YES_ERROR;
				GCC_WARN_UNDECLARED_SELECTOR = YES;
				GCC_WARN_UNINITIALIZED_AUTOS = YES_AGGRESSIVE;
				GCC_WARN_UNUSED_FUNCTION = YES;
				GCC_WARN_UNUSED_VARIABLE = YES;
				IPHONEOS_DEPLOYMENT_TARGET = 11.0;
				MTL_ENABLE_DEBUG_INFO = INCLUDE_SOURCE;
				MTL_FAST_MATH = YES;
				ONLY_ACTIVE_ARCH = YES;
				SDKROOT = iphoneos;
				VERSIONING_SYSTEM = "apple-generic";
				VERSION_INFO_PREFIX = "";
			};
			name = Debug;
		};
		BFB1720723DACEDA00CD8D42 /* Release */ = {
			isa = XCBuildConfiguration;
			buildSettings = {
				ALWAYS_SEARCH_USER_PATHS = NO;
				CLANG_ANALYZER_NONNULL = YES;
				CLANG_ANALYZER_NUMBER_OBJECT_CONVERSION = YES_AGGRESSIVE;
				CLANG_CXX_LANGUAGE_STANDARD = "gnu++14";
				CLANG_CXX_LIBRARY = "libc++";
				CLANG_ENABLE_MODULES = YES;
				CLANG_ENABLE_OBJC_ARC = YES;
				CLANG_ENABLE_OBJC_WEAK = YES;
				CLANG_WARN_BLOCK_CAPTURE_AUTORELEASING = YES;
				CLANG_WARN_BOOL_CONVERSION = YES;
				CLANG_WARN_COMMA = YES;
				CLANG_WARN_CONSTANT_CONVERSION = YES;
				CLANG_WARN_DEPRECATED_OBJC_IMPLEMENTATIONS = YES;
				CLANG_WARN_DIRECT_OBJC_ISA_USAGE = YES_ERROR;
				CLANG_WARN_DOCUMENTATION_COMMENTS = YES;
				CLANG_WARN_EMPTY_BODY = YES;
				CLANG_WARN_ENUM_CONVERSION = YES;
				CLANG_WARN_INFINITE_RECURSION = YES;
				CLANG_WARN_INT_CONVERSION = YES;
				CLANG_WARN_NON_LITERAL_NULL_CONVERSION = YES;
				CLANG_WARN_OBJC_IMPLICIT_RETAIN_SELF = YES;
				CLANG_WARN_OBJC_LITERAL_CONVERSION = YES;
				CLANG_WARN_OBJC_ROOT_CLASS = YES_ERROR;
				CLANG_WARN_RANGE_LOOP_ANALYSIS = YES;
				CLANG_WARN_STRICT_PROTOTYPES = YES;
				CLANG_WARN_SUSPICIOUS_MOVE = YES;
				CLANG_WARN_UNGUARDED_AVAILABILITY = YES_AGGRESSIVE;
				CLANG_WARN_UNREACHABLE_CODE = YES;
				CLANG_WARN__DUPLICATE_METHOD_MATCH = YES;
				COPY_PHASE_STRIP = NO;
				CURRENT_PROJECT_VERSION = 1;
				DEBUG_INFORMATION_FORMAT = "dwarf-with-dsym";
				ENABLE_NS_ASSERTIONS = NO;
				ENABLE_STRICT_OBJC_MSGSEND = YES;
				GCC_C_LANGUAGE_STANDARD = gnu11;
				GCC_NO_COMMON_BLOCKS = YES;
				GCC_WARN_64_TO_32_BIT_CONVERSION = YES;
				GCC_WARN_ABOUT_RETURN_TYPE = YES_ERROR;
				GCC_WARN_UNDECLARED_SELECTOR = YES;
				GCC_WARN_UNINITIALIZED_AUTOS = YES_AGGRESSIVE;
				GCC_WARN_UNUSED_FUNCTION = YES;
				GCC_WARN_UNUSED_VARIABLE = YES;
				IPHONEOS_DEPLOYMENT_TARGET = 11.0;
				MTL_ENABLE_DEBUG_INFO = NO;
				MTL_FAST_MATH = YES;
				SDKROOT = iphoneos;
				VALIDATE_PRODUCT = YES;
				VERSIONING_SYSTEM = "apple-generic";
				VERSION_INFO_PREFIX = "";
			};
			name = Release;
		};
		BFB1720923DACEDA00CD8D42 /* Debug */ = {
			isa = XCBuildConfiguration;
			buildSettings = {
				CODE_SIGN_STYLE = Automatic;
				DEFINES_MODULE = YES;
				DYLIB_COMPATIBILITY_VERSION = 1;
				DYLIB_CURRENT_VERSION = 1;
				DYLIB_INSTALL_NAME_BASE = "@rpath";
				GCC_PREFIX_HEADER = WEPopover_Prefix.pch;
				INFOPLIST_FILE = "WEPopover-Info.plist";
				INSTALL_PATH = "$(LOCAL_LIBRARY_DIR)/Frameworks";
				IPHONEOS_DEPLOYMENT_TARGET = 11.0;
				LD_RUNPATH_SEARCH_PATHS = (
					"$(inherited)",
					"@executable_path/Frameworks",
					"@loader_path/Frameworks",
				);
				PRODUCT_BUNDLE_IDENTIFIER = nl.ah.WEPopover;
				PRODUCT_NAME = "$(TARGET_NAME:c99extidentifier)";
				SKIP_INSTALL = YES;
				TARGETED_DEVICE_FAMILY = "1,2";
			};
			name = Debug;
		};
		BFB1720A23DACEDA00CD8D42 /* Release */ = {
			isa = XCBuildConfiguration;
			buildSettings = {
				CODE_SIGN_STYLE = Automatic;
				DEFINES_MODULE = YES;
				DYLIB_COMPATIBILITY_VERSION = 1;
				DYLIB_CURRENT_VERSION = 1;
				DYLIB_INSTALL_NAME_BASE = "@rpath";
				GCC_PREFIX_HEADER = WEPopover_Prefix.pch;
				INFOPLIST_FILE = "WEPopover-Info.plist";
				INSTALL_PATH = "$(LOCAL_LIBRARY_DIR)/Frameworks";
				IPHONEOS_DEPLOYMENT_TARGET = 11.0;
				LD_RUNPATH_SEARCH_PATHS = (
					"$(inherited)",
					"@executable_path/Frameworks",
					"@loader_path/Frameworks",
				);
				PRODUCT_BUNDLE_IDENTIFIER = nl.ah.WEPopover;
				PRODUCT_NAME = "$(TARGET_NAME:c99extidentifier)";
				SKIP_INSTALL = YES;
				TARGETED_DEVICE_FAMILY = "1,2";
			};
			name = Release;
		};
/* End XCBuildConfiguration section */

/* Begin XCConfigurationList section */
		BFB171FA23DACEDA00CD8D42 /* Build configuration list for PBXProject "WEPopover" */ = {
			isa = XCConfigurationList;
			buildConfigurations = (
				BFB1720623DACEDA00CD8D42 /* Debug */,
				BFB1720723DACEDA00CD8D42 /* Release */,
			);
			defaultConfigurationIsVisible = 0;
			defaultConfigurationName = Release;
		};
		BFB1720823DACEDA00CD8D42 /* Build configuration list for PBXNativeTarget "WEPopover" */ = {
			isa = XCConfigurationList;
			buildConfigurations = (
				BFB1720923DACEDA00CD8D42 /* Debug */,
				BFB1720A23DACEDA00CD8D42 /* Release */,
			);
			defaultConfigurationIsVisible = 0;
			defaultConfigurationName = Release;
		};
/* End XCConfigurationList section */
	};
	rootObject = BFB171F723DACEDA00CD8D42 /* Project object */;
}
